// !$*UTF8*$!
{
	archiveVersion = 1;
	classes = {
	};
	objectVersion = 50;
	objects = {

/* Begin PBXBuildFile section */
		322CDC8D1AD53CB7E7E7E467 /* libPods-DecoratorDemoTests.a in Frameworks */ = {isa = PBXBuildFile; fileRef = 89BA0562A2D369D48B1C796F /* libPods-DecoratorDemoTests.a */; };
		6A28DC17C0B2C1677604571B /* libPods-DecoratorDemoUITests.a in Frameworks */ = {isa = PBXBuildFile; fileRef = 9C86E5E2BF607475CB95A07D /* libPods-DecoratorDemoUITests.a */; };
		C44E05DA221F848D00A1089F /* PageVCDelegateAndDataSource.m in Sources */ = {isa = PBXBuildFile; fileRef = C44E05D8221F848D00A1089F /* PageVCDelegateAndDataSource.m */; };
		C44E05DD221F858B00A1089F /* AlertViewController.m in Sources */ = {isa = PBXBuildFile; fileRef = C44E05DC221F858B00A1089F /* AlertViewController.m */; };
		C44E05E0221F882B00A1089F /* Demo.m in Sources */ = {isa = PBXBuildFile; fileRef = C44E05DF221F882B00A1089F /* Demo.m */; };
		C4AC4461221CE14F0082F312 /* AppDelegate.m in Sources */ = {isa = PBXBuildFile; fileRef = C4AC4460221CE14F0082F312 /* AppDelegate.m */; };
		C4AC4467221CE14F0082F312 /* Main.storyboard in Resources */ = {isa = PBXBuildFile; fileRef = C4AC4465221CE14F0082F312 /* Main.storyboard */; };
		C4AC4469221CE1510082F312 /* Assets.xcassets in Resources */ = {isa = PBXBuildFile; fileRef = C4AC4468221CE1510082F312 /* Assets.xcassets */; };
		C4AC446C221CE1510082F312 /* LaunchScreen.storyboard in Resources */ = {isa = PBXBuildFile; fileRef = C4AC446A221CE1510082F312 /* LaunchScreen.storyboard */; };
		C4AC446F221CE1510082F312 /* main.m in Sources */ = {isa = PBXBuildFile; fileRef = C4AC446E221CE1510082F312 /* main.m */; };
		C4AC4479221CE1510082F312 /* DecoratorDemoTests.m in Sources */ = {isa = PBXBuildFile; fileRef = C4AC4478221CE1510082F312 /* DecoratorDemoTests.m */; };
		C4AC4484221CE1510082F312 /* DecoratorDemoUITests.m in Sources */ = {isa = PBXBuildFile; fileRef = C4AC4483221CE1510082F312 /* DecoratorDemoUITests.m */; };
		C4AC44A0221E32010082F312 /* DSwizzle.m in Sources */ = {isa = PBXBuildFile; fileRef = C4AC449F221E32010082F312 /* DSwizzle.m */; };
		C4AC44A7221E32C40082F312 /* UIScrollView+Decorator.m in Sources */ = {isa = PBXBuildFile; fileRef = C4AC44A3221E32C40082F312 /* UIScrollView+Decorator.m */; };
		C4AC44A8221E32C40082F312 /* UITableView+Decorator.m in Sources */ = {isa = PBXBuildFile; fileRef = C4AC44A5221E32C40082F312 /* UITableView+Decorator.m */; };
		C4AC44B3221E3A1C0082F312 /* DemoViewController.m in Sources */ = {isa = PBXBuildFile; fileRef = C4AC44B2221E3A1C0082F312 /* DemoViewController.m */; };
		F8E6C7FD3C598D9F25E64124 /* libPods-DecoratorDemo.a in Frameworks */ = {isa = PBXBuildFile; fileRef = 1D6D449938632D30F561807B /* libPods-DecoratorDemo.a */; };
/* End PBXBuildFile section */

/* Begin PBXContainerItemProxy section */
		C4AC4475221CE1510082F312 /* PBXContainerItemProxy */ = {
			isa = PBXContainerItemProxy;
			containerPortal = C4AC4454221CE14F0082F312 /* Project object */;
			proxyType = 1;
			remoteGlobalIDString = C4AC445B221CE14F0082F312;
			remoteInfo = DecoratorDemo;
		};
		C4AC4480221CE1510082F312 /* PBXContainerItemProxy */ = {
			isa = PBXContainerItemProxy;
			containerPortal = C4AC4454221CE14F0082F312 /* Project object */;
			proxyType = 1;
			remoteGlobalIDString = C4AC445B221CE14F0082F312;
			remoteInfo = DecoratorDemo;
		};
/* End PBXContainerItemProxy section */

/* Begin PBXFileReference section */
		158836998A8D99D3F4001340 /* Pods-DecoratorDemoTests.release.xcconfig */ = {isa = PBXFileReference; includeInIndex = 1; lastKnownFileType = text.xcconfig; name = "Pods-DecoratorDemoTests.release.xcconfig"; path = "Pods/Target Support Files/Pods-DecoratorDemoTests/Pods-DecoratorDemoTests.release.xcconfig"; sourceTree = "<group>"; };
		1D6D449938632D30F561807B /* libPods-DecoratorDemo.a */ = {isa = PBXFileReference; explicitFileType = archive.ar; includeInIndex = 0; path = "libPods-DecoratorDemo.a"; sourceTree = BUILT_PRODUCTS_DIR; };
		4BD326462F7B1816819A5EE9 /* Pods-DecoratorDemo.release.xcconfig */ = {isa = PBXFileReference; includeInIndex = 1; lastKnownFileType = text.xcconfig; name = "Pods-DecoratorDemo.release.xcconfig"; path = "Pods/Target Support Files/Pods-DecoratorDemo/Pods-DecoratorDemo.release.xcconfig"; sourceTree = "<group>"; };
		5185B0ED2C9CC6423F8DE0C4 /* Pods-DecoratorDemoTests.debug.xcconfig */ = {isa = PBXFileReference; includeInIndex = 1; lastKnownFileType = text.xcconfig; name = "Pods-DecoratorDemoTests.debug.xcconfig"; path = "Pods/Target Support Files/Pods-DecoratorDemoTests/Pods-DecoratorDemoTests.debug.xcconfig"; sourceTree = "<group>"; };
		89BA0562A2D369D48B1C796F /* libPods-DecoratorDemoTests.a */ = {isa = PBXFileReference; explicitFileType = archive.ar; includeInIndex = 0; path = "libPods-DecoratorDemoTests.a"; sourceTree = BUILT_PRODUCTS_DIR; };
		9058EA430946496415FE66CA /* Pods-DecoratorDemoUITests.release.xcconfig */ = {isa = PBXFileReference; includeInIndex = 1; lastKnownFileType = text.xcconfig; name = "Pods-DecoratorDemoUITests.release.xcconfig"; path = "Pods/Target Support Files/Pods-DecoratorDemoUITests/Pods-DecoratorDemoUITests.release.xcconfig"; sourceTree = "<group>"; };
		9C86E5E2BF607475CB95A07D /* libPods-DecoratorDemoUITests.a */ = {isa = PBXFileReference; explicitFileType = archive.ar; includeInIndex = 0; path = "libPods-DecoratorDemoUITests.a"; sourceTree = BUILT_PRODUCTS_DIR; };
		C44E05D8221F848D00A1089F /* PageVCDelegateAndDataSource.m */ = {isa = PBXFileReference; fileEncoding = 4; lastKnownFileType = sourcecode.c.objc; path = PageVCDelegateAndDataSource.m; sourceTree = "<group>"; };
		C44E05D9221F848D00A1089F /* PageVCDelegateAndDataSource.h */ = {isa = PBXFileReference; fileEncoding = 4; lastKnownFileType = sourcecode.c.h; path = PageVCDelegateAndDataSource.h; sourceTree = "<group>"; };
		C44E05DB221F858B00A1089F /* AlertViewController.h */ = {isa = PBXFileReference; lastKnownFileType = sourcecode.c.h; path = AlertViewController.h; sourceTree = "<group>"; };
		C44E05DC221F858B00A1089F /* AlertViewController.m */ = {isa = PBXFileReference; lastKnownFileType = sourcecode.c.objc; path = AlertViewController.m; sourceTree = "<group>"; };
		C44E05DE221F882B00A1089F /* Demo.h */ = {isa = PBXFileReference; lastKnownFileType = sourcecode.c.h; path = Demo.h; sourceTree = "<group>"; };
		C44E05DF221F882B00A1089F /* Demo.m */ = {isa = PBXFileReference; lastKnownFileType = sourcecode.c.objc; path = Demo.m; sourceTree = "<group>"; };
		C4AC445C221CE14F0082F312 /* DecoratorDemo.app */ = {isa = PBXFileReference; explicitFileType = wrapper.application; includeInIndex = 0; path = DecoratorDemo.app; sourceTree = BUILT_PRODUCTS_DIR; };
		C4AC445F221CE14F0082F312 /* AppDelegate.h */ = {isa = PBXFileReference; lastKnownFileType = sourcecode.c.h; path = AppDelegate.h; sourceTree = "<group>"; };
		C4AC4460221CE14F0082F312 /* AppDelegate.m */ = {isa = PBXFileReference; lastKnownFileType = sourcecode.c.objc; path = AppDelegate.m; sourceTree = "<group>"; };
		C4AC4466221CE14F0082F312 /* Base */ = {isa = PBXFileReference; lastKnownFileType = file.storyboard; name = Base; path = Base.lproj/Main.storyboard; sourceTree = "<group>"; };
		C4AC4468221CE1510082F312 /* Assets.xcassets */ = {isa = PBXFileReference; lastKnownFileType = folder.assetcatalog; path = Assets.xcassets; sourceTree = "<group>"; };
		C4AC446B221CE1510082F312 /* Base */ = {isa = PBXFileReference; lastKnownFileType = file.storyboard; name = Base; path = Base.lproj/LaunchScreen.storyboard; sourceTree = "<group>"; };
		C4AC446D221CE1510082F312 /* Info.plist */ = {isa = PBXFileReference; lastKnownFileType = text.plist.xml; path = Info.plist; sourceTree = "<group>"; };
		C4AC446E221CE1510082F312 /* main.m */ = {isa = PBXFileReference; lastKnownFileType = sourcecode.c.objc; path = main.m; sourceTree = "<group>"; };
		C4AC4474221CE1510082F312 /* DecoratorDemoTests.xctest */ = {isa = PBXFileReference; explicitFileType = wrapper.cfbundle; includeInIndex = 0; path = DecoratorDemoTests.xctest; sourceTree = BUILT_PRODUCTS_DIR; };
		C4AC4478221CE1510082F312 /* DecoratorDemoTests.m */ = {isa = PBXFileReference; lastKnownFileType = sourcecode.c.objc; path = DecoratorDemoTests.m; sourceTree = "<group>"; };
		C4AC447A221CE1510082F312 /* Info.plist */ = {isa = PBXFileReference; lastKnownFileType = text.plist.xml; path = Info.plist; sourceTree = "<group>"; };
		C4AC447F221CE1510082F312 /* DecoratorDemoUITests.xctest */ = {isa = PBXFileReference; explicitFileType = wrapper.cfbundle; includeInIndex = 0; path = DecoratorDemoUITests.xctest; sourceTree = BUILT_PRODUCTS_DIR; };
		C4AC4483221CE1510082F312 /* DecoratorDemoUITests.m */ = {isa = PBXFileReference; lastKnownFileType = sourcecode.c.objc; path = DecoratorDemoUITests.m; sourceTree = "<group>"; };
		C4AC4485221CE1510082F312 /* Info.plist */ = {isa = PBXFileReference; lastKnownFileType = text.plist.xml; path = Info.plist; sourceTree = "<group>"; };
		C4AC449E221E32010082F312 /* DSwizzle.h */ = {isa = PBXFileReference; lastKnownFileType = sourcecode.c.h; path = DSwizzle.h; sourceTree = "<group>"; };
		C4AC449F221E32010082F312 /* DSwizzle.m */ = {isa = PBXFileReference; lastKnownFileType = sourcecode.c.objc; path = DSwizzle.m; sourceTree = "<group>"; };
		C4AC44A3221E32C40082F312 /* UIScrollView+Decorator.m */ = {isa = PBXFileReference; fileEncoding = 4; lastKnownFileType = sourcecode.c.objc; path = "UIScrollView+Decorator.m"; sourceTree = "<group>"; };
		C4AC44A4221E32C40082F312 /* UIScrollView+Decorator.h */ = {isa = PBXFileReference; fileEncoding = 4; lastKnownFileType = sourcecode.c.h; path = "UIScrollView+Decorator.h"; sourceTree = "<group>"; };
		C4AC44A5221E32C40082F312 /* UITableView+Decorator.m */ = {isa = PBXFileReference; fileEncoding = 4; lastKnownFileType = sourcecode.c.objc; path = "UITableView+Decorator.m"; sourceTree = "<group>"; };
		C4AC44A6221E32C40082F312 /* UITableView+Decorator.h */ = {isa = PBXFileReference; fileEncoding = 4; lastKnownFileType = sourcecode.c.h; path = "UITableView+Decorator.h"; sourceTree = "<group>"; };
		C4AC44B1221E3A1C0082F312 /* DemoViewController.h */ = {isa = PBXFileReference; lastKnownFileType = sourcecode.c.h; path = DemoViewController.h; sourceTree = "<group>"; };
		C4AC44B2221E3A1C0082F312 /* DemoViewController.m */ = {isa = PBXFileReference; lastKnownFileType = sourcecode.c.objc; path = DemoViewController.m; sourceTree = "<group>"; };
		C7679C62A6139C15C7D3A422 /* Pods-DecoratorDemoUITests.debug.xcconfig */ = {isa = PBXFileReference; includeInIndex = 1; lastKnownFileType = text.xcconfig; name = "Pods-DecoratorDemoUITests.debug.xcconfig"; path = "Pods/Target Support Files/Pods-DecoratorDemoUITests/Pods-DecoratorDemoUITests.debug.xcconfig"; sourceTree = "<group>"; };
		D3B542B3E7F2F0E65DFDD5D8 /* Pods-DecoratorDemo.debug.xcconfig */ = {isa = PBXFileReference; includeInIndex = 1; lastKnownFileType = text.xcconfig; name = "Pods-DecoratorDemo.debug.xcconfig"; path = "Pods/Target Support Files/Pods-DecoratorDemo/Pods-DecoratorDemo.debug.xcconfig"; sourceTree = "<group>"; };
/* End PBXFileReference section */

/* Begin PBXFrameworksBuildPhase section */
		C4AC4459221CE14F0082F312 /* Frameworks */ = {
			isa = PBXFrameworksBuildPhase;
			buildActionMask = 2147483647;
			files = (
				F8E6C7FD3C598D9F25E64124 /* libPods-DecoratorDemo.a in Frameworks */,
			);
			runOnlyForDeploymentPostprocessing = 0;
		};
		C4AC4471221CE1510082F312 /* Frameworks */ = {
			isa = PBXFrameworksBuildPhase;
			buildActionMask = 2147483647;
			files = (
				322CDC8D1AD53CB7E7E7E467 /* libPods-DecoratorDemoTests.a in Frameworks */,
			);
			runOnlyForDeploymentPostprocessing = 0;
		};
		C4AC447C221CE1510082F312 /* Frameworks */ = {
			isa = PBXFrameworksBuildPhase;
			buildActionMask = 2147483647;
			files = (
				6A28DC17C0B2C1677604571B /* libPods-DecoratorDemoUITests.a in Frameworks */,
			);
			runOnlyForDeploymentPostprocessing = 0;
		};
/* End PBXFrameworksBuildPhase section */

/* Begin PBXGroup section */
		0E973F5C1F44673F4337C6D2 /* Pods */ = {
			isa = PBXGroup;
			children = (
				D3B542B3E7F2F0E65DFDD5D8 /* Pods-DecoratorDemo.debug.xcconfig */,
				4BD326462F7B1816819A5EE9 /* Pods-DecoratorDemo.release.xcconfig */,
				5185B0ED2C9CC6423F8DE0C4 /* Pods-DecoratorDemoTests.debug.xcconfig */,
				158836998A8D99D3F4001340 /* Pods-DecoratorDemoTests.release.xcconfig */,
				C7679C62A6139C15C7D3A422 /* Pods-DecoratorDemoUITests.debug.xcconfig */,
				9058EA430946496415FE66CA /* Pods-DecoratorDemoUITests.release.xcconfig */,
			);
			name = Pods;
			sourceTree = "<group>";
		};
		6360E1F75025EC59E3C73660 /* Frameworks */ = {
			isa = PBXGroup;
			children = (
				1D6D449938632D30F561807B /* libPods-DecoratorDemo.a */,
				89BA0562A2D369D48B1C796F /* libPods-DecoratorDemoTests.a */,
				9C86E5E2BF607475CB95A07D /* libPods-DecoratorDemoUITests.a */,
			);
			name = Frameworks;
			sourceTree = "<group>";
		};
		C44E05D7221F847400A1089F /* PageVC */ = {
			isa = PBXGroup;
			children = (
				C44E05D9221F848D00A1089F /* PageVCDelegateAndDataSource.h */,
				C44E05D8221F848D00A1089F /* PageVCDelegateAndDataSource.m */,
			);
			path = PageVC;
			sourceTree = "<group>";
		};
		C4AC4453221CE14F0082F312 = {
			isa = PBXGroup;
			children = (
				C4AC445E221CE14F0082F312 /* DecoratorDemo */,
				C4AC4477221CE1510082F312 /* DecoratorDemoTests */,
				C4AC4482221CE1510082F312 /* DecoratorDemoUITests */,
				C4AC445D221CE14F0082F312 /* Products */,
				0E973F5C1F44673F4337C6D2 /* Pods */,
				6360E1F75025EC59E3C73660 /* Frameworks */,
			);
			sourceTree = "<group>";
		};
		C4AC445D221CE14F0082F312 /* Products */ = {
			isa = PBXGroup;
			children = (
				C4AC445C221CE14F0082F312 /* DecoratorDemo.app */,
				C4AC4474221CE1510082F312 /* DecoratorDemoTests.xctest */,
				C4AC447F221CE1510082F312 /* DecoratorDemoUITests.xctest */,
			);
			name = Products;
			sourceTree = "<group>";
		};
		C4AC445E221CE14F0082F312 /* DecoratorDemo */ = {
			isa = PBXGroup;
			children = (
				C44E05D7221F847400A1089F /* PageVC */,
				C4AC44A2221E32840082F312 /* WeakDecorator */,
				C4AC449D221E31CF0082F312 /* Utility */,
				C4AC445F221CE14F0082F312 /* AppDelegate.h */,
				C4AC4460221CE14F0082F312 /* AppDelegate.m */,
				C4AC4465221CE14F0082F312 /* Main.storyboard */,
				C4AC4468221CE1510082F312 /* Assets.xcassets */,
				C4AC446A221CE1510082F312 /* LaunchScreen.storyboard */,
				C4AC446D221CE1510082F312 /* Info.plist */,
				C4AC446E221CE1510082F312 /* main.m */,
				C4AC44B1221E3A1C0082F312 /* DemoViewController.h */,
				C4AC44B2221E3A1C0082F312 /* DemoViewController.m */,
				C44E05DB221F858B00A1089F /* AlertViewController.h */,
				C44E05DC221F858B00A1089F /* AlertViewController.m */,
				C44E05DE221F882B00A1089F /* Demo.h */,
				C44E05DF221F882B00A1089F /* Demo.m */,
			);
			path = DecoratorDemo;
			sourceTree = "<group>";
		};
		C4AC4477221CE1510082F312 /* DecoratorDemoTests */ = {
			isa = PBXGroup;
			children = (
				C4AC4478221CE1510082F312 /* DecoratorDemoTests.m */,
				C4AC447A221CE1510082F312 /* Info.plist */,
			);
			path = DecoratorDemoTests;
			sourceTree = "<group>";
		};
		C4AC4482221CE1510082F312 /* DecoratorDemoUITests */ = {
			isa = PBXGroup;
			children = (
				C4AC4483221CE1510082F312 /* DecoratorDemoUITests.m */,
				C4AC4485221CE1510082F312 /* Info.plist */,
			);
			path = DecoratorDemoUITests;
			sourceTree = "<group>";
		};
		C4AC449D221E31CF0082F312 /* Utility */ = {
			isa = PBXGroup;
			children = (
				C4AC449E221E32010082F312 /* DSwizzle.h */,
				C4AC449F221E32010082F312 /* DSwizzle.m */,
			);
			path = Utility;
			sourceTree = "<group>";
		};
		C4AC44A2221E32840082F312 /* WeakDecorator */ = {
			isa = PBXGroup;
			children = (
				C4AC44A4221E32C40082F312 /* UIScrollView+Decorator.h */,
				C4AC44A3221E32C40082F312 /* UIScrollView+Decorator.m */,
				C4AC44A6221E32C40082F312 /* UITableView+Decorator.h */,
				C4AC44A5221E32C40082F312 /* UITableView+Decorator.m */,
			);
			path = WeakDecorator;
			sourceTree = "<group>";
		};
/* End PBXGroup section */

/* Begin PBXNativeTarget section */
		C4AC445B221CE14F0082F312 /* DecoratorDemo */ = {
			isa = PBXNativeTarget;
			buildConfigurationList = C4AC4488221CE1510082F312 /* Build configuration list for PBXNativeTarget "DecoratorDemo" */;
			buildPhases = (
				0A864D82FD981D4EBA9F8C19 /* [CP] Check Pods Manifest.lock */,
				C4AC4458221CE14F0082F312 /* Sources */,
				C4AC4459221CE14F0082F312 /* Frameworks */,
				C4AC445A221CE14F0082F312 /* Resources */,
			);
			buildRules = (
			);
			dependencies = (
			);
			name = DecoratorDemo;
			productName = DecoratorDemo;
			productReference = C4AC445C221CE14F0082F312 /* DecoratorDemo.app */;
			productType = "com.apple.product-type.application";
		};
		C4AC4473221CE1510082F312 /* DecoratorDemoTests */ = {
			isa = PBXNativeTarget;
			buildConfigurationList = C4AC448B221CE1510082F312 /* Build configuration list for PBXNativeTarget "DecoratorDemoTests" */;
			buildPhases = (
				80E27699DB1F0A3F3B1DF349 /* [CP] Check Pods Manifest.lock */,
				C4AC4470221CE1510082F312 /* Sources */,
				C4AC4471221CE1510082F312 /* Frameworks */,
				C4AC4472221CE1510082F312 /* Resources */,
			);
			buildRules = (
			);
			dependencies = (
				C4AC4476221CE1510082F312 /* PBXTargetDependency */,
			);
			name = DecoratorDemoTests;
			productName = DecoratorDemoTests;
			productReference = C4AC4474221CE1510082F312 /* DecoratorDemoTests.xctest */;
			productType = "com.apple.product-type.bundle.unit-test";
		};
		C4AC447E221CE1510082F312 /* DecoratorDemoUITests */ = {
			isa = PBXNativeTarget;
			buildConfigurationList = C4AC448E221CE1510082F312 /* Build configuration list for PBXNativeTarget "DecoratorDemoUITests" */;
			buildPhases = (
				0645EE657EC0B1835B507AA9 /* [CP] Check Pods Manifest.lock */,
				C4AC447B221CE1510082F312 /* Sources */,
				C4AC447C221CE1510082F312 /* Frameworks */,
				C4AC447D221CE1510082F312 /* Resources */,
			);
			buildRules = (
			);
			dependencies = (
				C4AC4481221CE1510082F312 /* PBXTargetDependency */,
			);
			name = DecoratorDemoUITests;
			productName = DecoratorDemoUITests;
			productReference = C4AC447F221CE1510082F312 /* DecoratorDemoUITests.xctest */;
			productType = "com.apple.product-type.bundle.ui-testing";
		};
/* End PBXNativeTarget section */

/* Begin PBXProject section */
		C4AC4454221CE14F0082F312 /* Project object */ = {
			isa = PBXProject;
			attributes = {
				LastUpgradeCheck = 1010;
				ORGANIZATIONNAME = bob;
				TargetAttributes = {
					C4AC445B221CE14F0082F312 = {
						CreatedOnToolsVersion = 10.1;
					};
					C4AC4473221CE1510082F312 = {
						CreatedOnToolsVersion = 10.1;
						TestTargetID = C4AC445B221CE14F0082F312;
					};
					C4AC447E221CE1510082F312 = {
						CreatedOnToolsVersion = 10.1;
						TestTargetID = C4AC445B221CE14F0082F312;
					};
				};
			};
			buildConfigurationList = C4AC4457221CE14F0082F312 /* Build configuration list for PBXProject "DecoratorDemo" */;
			compatibilityVersion = "Xcode 9.3";
			developmentRegion = en;
			hasScannedForEncodings = 0;
			knownRegions = (
				en,
				Base,
			);
			mainGroup = C4AC4453221CE14F0082F312;
			productRefGroup = C4AC445D221CE14F0082F312 /* Products */;
			projectDirPath = "";
			projectRoot = "";
			targets = (
				C4AC445B221CE14F0082F312 /* DecoratorDemo */,
				C4AC4473221CE1510082F312 /* DecoratorDemoTests */,
				C4AC447E221CE1510082F312 /* DecoratorDemoUITests */,
			);
		};
/* End PBXProject section */

/* Begin PBXResourcesBuildPhase section */
		C4AC445A221CE14F0082F312 /* Resources */ = {
			isa = PBXResourcesBuildPhase;
			buildActionMask = 2147483647;
			files = (
				C4AC446C221CE1510082F312 /* LaunchScreen.storyboard in Resources */,
				C4AC4469221CE1510082F312 /* Assets.xcassets in Resources */,
				C4AC4467221CE14F0082F312 /* Main.storyboard in Resources */,
			);
			runOnlyForDeploymentPostprocessing = 0;
		};
		C4AC4472221CE1510082F312 /* Resources */ = {
			isa = PBXResourcesBuildPhase;
			buildActionMask = 2147483647;
			files = (
			);
			runOnlyForDeploymentPostprocessing = 0;
		};
		C4AC447D221CE1510082F312 /* Resources */ = {
			isa = PBXResourcesBuildPhase;
			buildActionMask = 2147483647;
			files = (
			);
			runOnlyForDeploymentPostprocessing = 0;
		};
/* End PBXResourcesBuildPhase section */

/* Begin PBXShellScriptBuildPhase section */
		0645EE657EC0B1835B507AA9 /* [CP] Check Pods Manifest.lock */ = {
			isa = PBXShellScriptBuildPhase;
			buildActionMask = 2147483647;
			files = (
			);
			inputFileListPaths = (
			);
			inputPaths = (
				"${PODS_PODFILE_DIR_PATH}/Podfile.lock",
				"${PODS_ROOT}/Manifest.lock",
			);
			name = "[CP] Check Pods Manifest.lock";
			outputFileListPaths = (
			);
			outputPaths = (
				"$(DERIVED_FILE_DIR)/Pods-DecoratorDemoUITests-checkManifestLockResult.txt",
			);
			runOnlyForDeploymentPostprocessing = 0;
			shellPath = /bin/sh;
			shellScript = "diff \"${PODS_PODFILE_DIR_PATH}/Podfile.lock\" \"${PODS_ROOT}/Manifest.lock\" > /dev/null\nif [ $? != 0 ] ; then\n    # print error to STDERR\n    echo \"error: The sandbox is not in sync with the Podfile.lock. Run 'pod install' or update your CocoaPods installation.\" >&2\n    exit 1\nfi\n# This output is used by Xcode 'outputs' to avoid re-running this script phase.\necho \"SUCCESS\" > \"${SCRIPT_OUTPUT_FILE_0}\"\n";
			showEnvVarsInLog = 0;
		};
		0A864D82FD981D4EBA9F8C19 /* [CP] Check Pods Manifest.lock */ = {
			isa = PBXShellScriptBuildPhase;
			buildActionMask = 2147483647;
			files = (
			);
			inputFileListPaths = (
			);
			inputPaths = (
				"${PODS_PODFILE_DIR_PATH}/Podfile.lock",
				"${PODS_ROOT}/Manifest.lock",
			);
			name = "[CP] Check Pods Manifest.lock";
			outputFileListPaths = (
			);
			outputPaths = (
				"$(DERIVED_FILE_DIR)/Pods-DecoratorDemo-checkManifestLockResult.txt",
			);
			runOnlyForDeploymentPostprocessing = 0;
			shellPath = /bin/sh;
			shellScript = "diff \"${PODS_PODFILE_DIR_PATH}/Podfile.lock\" \"${PODS_ROOT}/Manifest.lock\" > /dev/null\nif [ $? != 0 ] ; then\n    # print error to STDERR\n    echo \"error: The sandbox is not in sync with the Podfile.lock. Run 'pod install' or update your CocoaPods installation.\" >&2\n    exit 1\nfi\n# This output is used by Xcode 'outputs' to avoid re-running this script phase.\necho \"SUCCESS\" > \"${SCRIPT_OUTPUT_FILE_0}\"\n";
			showEnvVarsInLog = 0;
		};
		80E27699DB1F0A3F3B1DF349 /* [CP] Check Pods Manifest.lock */ = {
			isa = PBXShellScriptBuildPhase;
			buildActionMask = 2147483647;
			files = (
			);
			inputFileListPaths = (
			);
			inputPaths = (
				"${PODS_PODFILE_DIR_PATH}/Podfile.lock",
				"${PODS_ROOT}/Manifest.lock",
			);
			name = "[CP] Check Pods Manifest.lock";
			outputFileListPaths = (
			);
			outputPaths = (
				"$(DERIVED_FILE_DIR)/Pods-DecoratorDemoTests-checkManifestLockResult.txt",
			);
			runOnlyForDeploymentPostprocessing = 0;
			shellPath = /bin/sh;
			shellScript = "diff \"${PODS_PODFILE_DIR_PATH}/Podfile.lock\" \"${PODS_ROOT}/Manifest.lock\" > /dev/null\nif [ $? != 0 ] ; then\n    # print error to STDERR\n    echo \"error: The sandbox is not in sync with the Podfile.lock. Run 'pod install' or update your CocoaPods installation.\" >&2\n    exit 1\nfi\n# This output is used by Xcode 'outputs' to avoid re-running this script phase.\necho \"SUCCESS\" > \"${SCRIPT_OUTPUT_FILE_0}\"\n";
			showEnvVarsInLog = 0;
		};
/* End PBXShellScriptBuildPhase section */

/* Begin PBXSourcesBuildPhase section */
		C4AC4458221CE14F0082F312 /* Sources */ = {
			isa = PBXSourcesBuildPhase;
			buildActionMask = 2147483647;
			files = (
				C4AC44A0221E32010082F312 /* DSwizzle.m in Sources */,
				C44E05DD221F858B00A1089F /* AlertViewController.m in Sources */,
				C4AC446F221CE1510082F312 /* main.m in Sources */,
				C4AC44A7221E32C40082F312 /* UIScrollView+Decorator.m in Sources */,
				C4AC44A8221E32C40082F312 /* UITableView+Decorator.m in Sources */,
				C4AC44B3221E3A1C0082F312 /* DemoViewController.m in Sources */,
				C4AC4461221CE14F0082F312 /* AppDelegate.m in Sources */,
				C44E05E0221F882B00A1089F /* Demo.m in Sources */,
				C44E05DA221F848D00A1089F /* PageVCDelegateAndDataSource.m in Sources */,
			);
			runOnlyForDeploymentPostprocessing = 0;
		};
		C4AC4470221CE1510082F312 /* Sources */ = {
			isa = PBXSourcesBuildPhase;
			buildActionMask = 2147483647;
			files = (
				C4AC4479221CE1510082F312 /* DecoratorDemoTests.m in Sources */,
			);
			runOnlyForDeploymentPostprocessing = 0;
		};
		C4AC447B221CE1510082F312 /* Sources */ = {
			isa = PBXSourcesBuildPhase;
			buildActionMask = 2147483647;
			files = (
				C4AC4484221CE1510082F312 /* DecoratorDemoUITests.m in Sources */,
			);
			runOnlyForDeploymentPostprocessing = 0;
		};
/* End PBXSourcesBuildPhase section */

/* Begin PBXTargetDependency section */
		C4AC4476221CE1510082F312 /* PBXTargetDependency */ = {
			isa = PBXTargetDependency;
			target = C4AC445B221CE14F0082F312 /* DecoratorDemo */;
			targetProxy = C4AC4475221CE1510082F312 /* PBXContainerItemProxy */;
		};
		C4AC4481221CE1510082F312 /* PBXTargetDependency */ = {
			isa = PBXTargetDependency;
			target = C4AC445B221CE14F0082F312 /* DecoratorDemo */;
			targetProxy = C4AC4480221CE1510082F312 /* PBXContainerItemProxy */;
		};
/* End PBXTargetDependency section */

/* Begin PBXVariantGroup section */
		C4AC4465221CE14F0082F312 /* Main.storyboard */ = {
			isa = PBXVariantGroup;
			children = (
				C4AC4466221CE14F0082F312 /* Base */,
			);
			name = Main.storyboard;
			sourceTree = "<group>";
		};
		C4AC446A221CE1510082F312 /* LaunchScreen.storyboard */ = {
			isa = PBXVariantGroup;
			children = (
				C4AC446B221CE1510082F312 /* Base */,
			);
			name = LaunchScreen.storyboard;
			sourceTree = "<group>";
		};
/* End PBXVariantGroup section */

/* Begin XCBuildConfiguration section */
		C4AC4486221CE1510082F312 /* Debug */ = {
			isa = XCBuildConfiguration;
			buildSettings = {
				ALWAYS_SEARCH_USER_PATHS = NO;
				CLANG_ANALYZER_NONNULL = YES;
				CLANG_ANALYZER_NUMBER_OBJECT_CONVERSION = YES_AGGRESSIVE;
				CLANG_CXX_LANGUAGE_STANDARD = "gnu++14";
				CLANG_CXX_LIBRARY = "libc++";
				CLANG_ENABLE_MODULES = YES;
				CLANG_ENABLE_OBJC_ARC = YES;
				CLANG_ENABLE_OBJC_WEAK = YES;
				CLANG_WARN_BLOCK_CAPTURE_AUTORELEASING = YES;
				CLANG_WARN_BOOL_CONVERSION = YES;
				CLANG_WARN_COMMA = YES;
				CLANG_WARN_CONSTANT_CONVERSION = YES;
				CLANG_WARN_DEPRECATED_OBJC_IMPLEMENTATIONS = YES;
				CLANG_WARN_DIRECT_OBJC_ISA_USAGE = YES_ERROR;
				CLANG_WARN_DOCUMENTATION_COMMENTS = YES;
				CLANG_WARN_EMPTY_BODY = YES;
				CLANG_WARN_ENUM_CONVERSION = YES;
				CLANG_WARN_INFINITE_RECURSION = YES;
				CLANG_WARN_INT_CONVERSION = YES;
				CLANG_WARN_NON_LITERAL_NULL_CONVERSION = YES;
				CLANG_WARN_OBJC_IMPLICIT_RETAIN_SELF = YES;
				CLANG_WARN_OBJC_LITERAL_CONVERSION = YES;
				CLANG_WARN_OBJC_ROOT_CLASS = YES_ERROR;
				CLANG_WARN_RANGE_LOOP_ANALYSIS = YES;
				CLANG_WARN_STRICT_PROTOTYPES = YES;
				CLANG_WARN_SUSPICIOUS_MOVE = YES;
				CLANG_WARN_UNGUARDED_AVAILABILITY = YES_AGGRESSIVE;
				CLANG_WARN_UNREACHABLE_CODE = YES;
				CLANG_WARN__DUPLICATE_METHOD_MATCH = YES;
				CODE_SIGN_IDENTITY = "iPhone Developer";
				COPY_PHASE_STRIP = NO;
				DEBUG_INFORMATION_FORMAT = dwarf;
				ENABLE_STRICT_OBJC_MSGSEND = YES;
				ENABLE_TESTABILITY = YES;
				GCC_C_LANGUAGE_STANDARD = gnu11;
				GCC_DYNAMIC_NO_PIC = NO;
				GCC_NO_COMMON_BLOCKS = YES;
				GCC_OPTIMIZATION_LEVEL = 0;
				GCC_PREPROCESSOR_DEFINITIONS = (
					"DEBUG=1",
					"$(inherited)",
				);
				GCC_WARN_64_TO_32_BIT_CONVERSION = YES;
				GCC_WARN_ABOUT_RETURN_TYPE = YES_ERROR;
				GCC_WARN_UNDECLARED_SELECTOR = YES;
				GCC_WARN_UNINITIALIZED_AUTOS = YES_AGGRESSIVE;
				GCC_WARN_UNUSED_FUNCTION = YES;
				GCC_WARN_UNUSED_VARIABLE = YES;
				IPHONEOS_DEPLOYMENT_TARGET = 12.1;
				MTL_ENABLE_DEBUG_INFO = INCLUDE_SOURCE;
				MTL_FAST_MATH = YES;
				ONLY_ACTIVE_ARCH = YES;
				SDKROOT = iphoneos;
			};
			name = Debug;
		};
		C4AC4487221CE1510082F312 /* Release */ = {
			isa = XCBuildConfiguration;
			buildSettings = {
				ALWAYS_SEARCH_USER_PATHS = NO;
				CLANG_ANALYZER_NONNULL = YES;
				CLANG_ANALYZER_NUMBER_OBJECT_CONVERSION = YES_AGGRESSIVE;
				CLANG_CXX_LANGUAGE_STANDARD = "gnu++14";
				CLANG_CXX_LIBRARY = "libc++";
				CLANG_ENABLE_MODULES = YES;
				CLANG_ENABLE_OBJC_ARC = YES;
				CLANG_ENABLE_OBJC_WEAK = YES;
				CLANG_WARN_BLOCK_CAPTURE_AUTORELEASING = YES;
				CLANG_WARN_BOOL_CONVERSION = YES;
				CLANG_WARN_COMMA = YES;
				CLANG_WARN_CONSTANT_CONVERSION = YES;
				CLANG_WARN_DEPRECATED_OBJC_IMPLEMENTATIONS = YES;
				CLANG_WARN_DIRECT_OBJC_ISA_USAGE = YES_ERROR;
				CLANG_WARN_DOCUMENTATION_COMMENTS = YES;
				CLANG_WARN_EMPTY_BODY = YES;
				CLANG_WARN_ENUM_CONVERSION = YES;
				CLANG_WARN_INFINITE_RECURSION = YES;
				CLANG_WARN_INT_CONVERSION = YES;
				CLANG_WARN_NON_LITERAL_NULL_CONVERSION = YES;
				CLANG_WARN_OBJC_IMPLICIT_RETAIN_SELF = YES;
				CLANG_WARN_OBJC_LITERAL_CONVERSION = YES;
				CLANG_WARN_OBJC_ROOT_CLASS = YES_ERROR;
				CLANG_WARN_RANGE_LOOP_ANALYSIS = YES;
				CLANG_WARN_STRICT_PROTOTYPES = YES;
				CLANG_WARN_SUSPICIOUS_MOVE = YES;
				CLANG_WARN_UNGUARDED_AVAILABILITY = YES_AGGRESSIVE;
				CLANG_WARN_UNREACHABLE_CODE = YES;
				CLANG_WARN__DUPLICATE_METHOD_MATCH = YES;
				CODE_SIGN_IDENTITY = "iPhone Developer";
				COPY_PHASE_STRIP = NO;
				DEBUG_INFORMATION_FORMAT = "dwarf-with-dsym";
				ENABLE_NS_ASSERTIONS = NO;
				ENABLE_STRICT_OBJC_MSGSEND = YES;
				GCC_C_LANGUAGE_STANDARD = gnu11;
				GCC_NO_COMMON_BLOCKS = YES;
				GCC_WARN_64_TO_32_BIT_CONVERSION = YES;
				GCC_WARN_ABOUT_RETURN_TYPE = YES_ERROR;
				GCC_WARN_UNDECLARED_SELECTOR = YES;
				GCC_WARN_UNINITIALIZED_AUTOS = YES_AGGRESSIVE;
				GCC_WARN_UNUSED_FUNCTION = YES;
				GCC_WARN_UNUSED_VARIABLE = YES;
				IPHONEOS_DEPLOYMENT_TARGET = 12.1;
				MTL_ENABLE_DEBUG_INFO = NO;
				MTL_FAST_MATH = YES;
				SDKROOT = iphoneos;
				VALIDATE_PRODUCT = YES;
			};
			name = Release;
		};
		C4AC4489221CE1510082F312 /* Debug */ = {
			isa = XCBuildConfiguration;
			baseConfigurationReference = D3B542B3E7F2F0E65DFDD5D8 /* Pods-DecoratorDemo.debug.xcconfig */;
			buildSettings = {
				ASSETCATALOG_COMPILER_APPICON_NAME = AppIcon;
				CODE_SIGN_STYLE = Automatic;
				DEVELOPMENT_TEAM = UA524KP7L9;
				INFOPLIST_FILE = DecoratorDemo/Info.plist;
				LD_RUNPATH_SEARCH_PATHS = (
					"$(inherited)",
					"@executable_path/Frameworks",
				);
				PRODUCT_BUNDLE_IDENTIFIER = com.danbo.Decorator.DecoratorDemo;
				PRODUCT_NAME = "$(TARGET_NAME)";
				TARGETED_DEVICE_FAMILY = "1,2";
			};
			name = Debug;
		};
		C4AC448A221CE1510082F312 /* Release */ = {
			isa = XCBuildConfiguration;
			baseConfigurationReference = 4BD326462F7B1816819A5EE9 /* Pods-DecoratorDemo.release.xcconfig */;
			buildSettings = {
				ASSETCATALOG_COMPILER_APPICON_NAME = AppIcon;
				CODE_SIGN_STYLE = Automatic;
				DEVELOPMENT_TEAM = UA524KP7L9;
				INFOPLIST_FILE = DecoratorDemo/Info.plist;
				LD_RUNPATH_SEARCH_PATHS = (
					"$(inherited)",
					"@executable_path/Frameworks",
				);
				PRODUCT_BUNDLE_IDENTIFIER = com.danbo.Decorator.DecoratorDemo;
				PRODUCT_NAME = "$(TARGET_NAME)";
				TARGETED_DEVICE_FAMILY = "1,2";
			};
			name = Release;
		};
		C4AC448C221CE1510082F312 /* Debug */ = {
			isa = XCBuildConfiguration;
			baseConfigurationReference = 5185B0ED2C9CC6423F8DE0C4 /* Pods-DecoratorDemoTests.debug.xcconfig */;
			buildSettings = {
				BUNDLE_LOADER = "$(TEST_HOST)";
				CODE_SIGN_STYLE = Automatic;
				DEVELOPMENT_TEAM = UA524KP7L9;
				INFOPLIST_FILE = DecoratorDemoTests/Info.plist;
				LD_RUNPATH_SEARCH_PATHS = (
					"$(inherited)",
					"@executable_path/Frameworks",
					"@loader_path/Frameworks",
				);
				PRODUCT_BUNDLE_IDENTIFIER = com.danbo.Decorator.DecoratorDemoTests;
				PRODUCT_NAME = "$(TARGET_NAME)";
				TARGETED_DEVICE_FAMILY = "1,2";
				TEST_HOST = "$(BUILT_PRODUCTS_DIR)/DecoratorDemo.app/DecoratorDemo";
			};
			name = Debug;
		};
		C4AC448D221CE1510082F312 /* Release */ = {
			isa = XCBuildConfiguration;
			baseConfigurationReference = 158836998A8D99D3F4001340 /* Pods-DecoratorDemoTests.release.xcconfig */;
			buildSettings = {
				BUNDLE_LOADER = "$(TEST_HOST)";
				CODE_SIGN_STYLE = Automatic;
				DEVELOPMENT_TEAM = UA524KP7L9;
				INFOPLIST_FILE = DecoratorDemoTests/Info.plist;
				LD_RUNPATH_SEARCH_PATHS = (
					"$(inherited)",
					"@executable_path/Frameworks",
					"@loader_path/Frameworks",
				);
				PRODUCT_BUNDLE_IDENTIFIER = com.danbo.Decorator.DecoratorDemoTests;
				PRODUCT_NAME = "$(TARGET_NAME)";
				TARGETED_DEVICE_FAMILY = "1,2";
				TEST_HOST = "$(BUILT_PRODUCTS_DIR)/DecoratorDemo.app/DecoratorDemo";
			};
			name = Release;
		};
		C4AC448F221CE1510082F312 /* Debug */ = {
			isa = XCBuildConfiguration;
			baseConfigurationReference = C7679C62A6139C15C7D3A422 /* Pods-DecoratorDemoUITests.debug.xcconfig */;
			buildSettings = {
				CODE_SIGN_STYLE = Automatic;
				DEVELOPMENT_TEAM = UA524KP7L9;
				INFOPLIST_FILE = DecoratorDemoUITests/Info.plist;
				LD_RUNPATH_SEARCH_PATHS = (
					"$(inherited)",
					"@executable_path/Frameworks",
					"@loader_path/Frameworks",
				);
				PRODUCT_BUNDLE_IDENTIFIER = com.danbo.Decorator.DecoratorDemoUITests;
				PRODUCT_NAME = "$(TARGET_NAME)";
				TARGETED_DEVICE_FAMILY = "1,2";
				TEST_TARGET_NAME = DecoratorDemo;
			};
			name = Debug;
		};
		C4AC4490221CE1510082F312 /* Release */ = {
			isa = XCBuildConfiguration;
			baseConfigurationReference = 9058EA430946496415FE66CA /* Pods-DecoratorDemoUITests.release.xcconfig */;
			buildSettings = {
				CODE_SIGN_STYLE = Automatic;
				DEVELOPMENT_TEAM = UA524KP7L9;
				INFOPLIST_FILE = DecoratorDemoUITests/Info.plist;
				LD_RUNPATH_SEARCH_PATHS = (
					"$(inherited)",
					"@executable_path/Frameworks",
					"@loader_path/Frameworks",
				);
				PRODUCT_BUNDLE_IDENTIFIER = com.danbo.Decorator.DecoratorDemoUITests;
				PRODUCT_NAME = "$(TARGET_NAME)";
				TARGETED_DEVICE_FAMILY = "1,2";
				TEST_TARGET_NAME = DecoratorDemo;
			};
			name = Release;
		};
/* End XCBuildConfiguration section */

/* Begin XCConfigurationList section */
		C4AC4457221CE14F0082F312 /* Build configuration list for PBXProject "DecoratorDemo" */ = {
			isa = XCConfigurationList;
			buildConfigurations = (
				C4AC4486221CE1510082F312 /* Debug */,
				C4AC4487221CE1510082F312 /* Release */,
			);
			defaultConfigurationIsVisible = 0;
			defaultConfigurationName = Release;
		};
		C4AC4488221CE1510082F312 /* Build configuration list for PBXNativeTarget "DecoratorDemo" */ = {
			isa = XCConfigurationList;
			buildConfigurations = (
				C4AC4489221CE1510082F312 /* Debug */,
				C4AC448A221CE1510082F312 /* Release */,
			);
			defaultConfigurationIsVisible = 0;
			defaultConfigurationName = Release;
		};
		C4AC448B221CE1510082F312 /* Build configuration list for PBXNativeTarget "DecoratorDemoTests" */ = {
			isa = XCConfigurationList;
			buildConfigurations = (
				C4AC448C221CE1510082F312 /* Debug */,
				C4AC448D221CE1510082F312 /* Release */,
			);
			defaultConfigurationIsVisible = 0;
			defaultConfigurationName = Release;
		};
		C4AC448E221CE1510082F312 /* Build configuration list for PBXNativeTarget "DecoratorDemoUITests" */ = {
			isa = XCConfigurationList;
			buildConfigurations = (
				C4AC448F221CE1510082F312 /* Debug */,
				C4AC4490221CE1510082F312 /* Release */,
			);
			defaultConfigurationIsVisible = 0;
			defaultConfigurationName = Release;
		};
/* End XCConfigurationList section */
	};
	rootObject = C4AC4454221CE14F0082F312 /* Project object */;
}
